
Microsoft Visual Studio Solution File, Format Version 12.00
# Visual Studio Version 16
VisualStudioVersion = 16.0.29503.13
MinimumVisualStudioVersion = 10.0.40219.1
Project("{FAE04EC0-301F-11D3-BF4B-00C04F79EFBC}") = "HelloPhidgets", "HelloPhidgets.csproj", "{EEBE15EE-FF81-446E-8E93-17D1A4FF7294}"
EndProject
Global
	GlobalSection(SolutionConfigurationPlatforms) = preSolution
		Debug|Any CPU = Debug|Any CPU
		Release|Any CPU = Release|Any CPU
	EndGlobalSection
	GlobalSection(ProjectConfigurationPlatforms) = postSolution
		{EEBE15EE-FF81-446E-8E93-17D1A4FF7294}.Debug|Any CPU.ActiveCfg = Debug|Any CPU
		{EEBE15EE-FF81-446E-8E93-17D1A4FF7294}.Debug|Any CPU.Build.0 = Debug|Any CPU
		{EEBE15EE-FF81-446E-8E93-17D1A4FF7294}.Release|Any CPU.ActiveCfg = Release|Any CPU
		{EEBE15EE-FF81-446E-8E93-17D1A4FF7294}.Release|Any CPU.Build.0 = Release|Any CPU
	EndGlobalSection
	GlobalSection(SolutionProperties) = preSolution
		HideSolutionNode = FALSE
	EndGlobalSection
	GlobalSection(ExtensibilityGlobals) = postSolution
		SolutionGuid = {48974119-3FDA-4B84-A48C-DB8F7B1FFA86}
	EndGlobalSection
EndGlobal
